{"SurveyEntry":{"SurveyID":"SV_9SnS1kawzDopVRk","SurveyName":"SAMPLE SOUNDSLIKETHIS SURVEY","SurveyDescription":null,"SurveyOwnerID":"UR_0kP14XC8Dxte0br","SurveyBrandID":"usc","DivisionID":"DV_d6HnFyRH8xxfrKZ","SurveyLanguage":"EN","SurveyActiveResponseSet":"RS_eWYlsLPea9AmgtM","SurveyStatus":"Active","SurveyStartDate":"0000-00-00 00:00:00","SurveyExpirationDate":"0000-00-00 00:00:00","SurveyCreationDate":"2024-06-06 14:25:05","CreatorID":"UR_0kP14XC8Dxte0br","LastModified":"2025-01-28 14:13:54","LastAccessed":"0000-00-00 00:00:00","LastActivated":"2024-06-06 14:55:10","Deleted":null},"SurveyElements":[{"SurveyID":"SV_9SnS1kawzDopVRk","Element":"FL","PrimaryAttribute":"Survey Flow","SecondaryAttribute":null,"TertiaryAttribute":null,"Payload":{"Type":"Root","FlowID":"FL_1","Flow":[{"Type":"EmbeddedData","FlowID":"FL_297","EmbeddedData":[{"Description":"playlistUri1","Type":"Recipient","Field":"playlistUri1","VariableType":"String","DataVisibility":[],"AnalyzeText":false},{"Description":"testing","Type":"Recipient","Field":"testing","VariableType":"String","DataVisibility":[],"AnalyzeText":false},{"Description":"playlist_string1","Type":"Recipient","Field":"playlist_string1","VariableType":"String","DataVisibility":[],"AnalyzeText":false},{"Description":"playlistUri2","Type":"Recipient","Field":"playlistUri2","VariableType":"String","DataVisibility":[],"AnalyzeText":false},{"Description":"playlistUri3","Type":"Recipient","Field":"playlistUri3","VariableType":"String","DataVisibility":[],"AnalyzeText":false},{"Description":"valence1","Type":"Recipient","Field":"valence1","VariableType":"String","DataVisibility":[],"AnalyzeText":false},{"Description":"valence2","Type":"Recipient","Field":"valence2","VariableType":"String","DataVisibility":[],"AnalyzeText":false},{"Description":"valence3","Type":"Recipient","Field":"valence3","VariableType":"String","DataVisibility":[],"AnalyzeText":false},{"Description":"arousal1","Type":"Recipient","Field":"arousal1","VariableType":"String","DataVisibility":[],"AnalyzeText":false},{"Description":"arousal2","Type":"Recipient","Field":"arousal2","VariableType":"String","DataVisibility":[],"AnalyzeText":false},{"Description":"arousal3","Type":"Recipient","Field":"arousal3","VariableType":"String","DataVisibility":[],"AnalyzeText":false},{"Description":"pop1","Type":"Recipient","Field":"pop1","VariableType":"String","DataVisibility":[],"AnalyzeText":false},{"Description":"pop2","Type":"Recipient","Field":"pop2","VariableType":"String","DataVisibility":[],"AnalyzeText":false},{"Description":"pop3","Type":"Recipient","Field":"pop3","VariableType":"String","DataVisibility":[],"AnalyzeText":false},{"Description":"rel_date1","Type":"Recipient","Field":"rel_date1","VariableType":"String","DataVisibility":[],"AnalyzeText":false},{"Description":"rel_date2","Type":"Recipient","Field":"rel_date2","VariableType":"String","DataVisibility":[],"AnalyzeText":false},{"Description":"rel_date3","Type":"Recipient","Field":"rel_date3","VariableType":"String","DataVisibility":[],"AnalyzeText":false},{"Description":"shortUri1","Type":"Recipient","Field":"shortUri1","VariableType":"String","DataVisibility":[],"AnalyzeText":false},{"Description":"shortUri2","Type":"Recipient","Field":"shortUri2","VariableType":"String","DataVisibility":[],"AnalyzeText":false},{"Description":"shortUri3","Type":"Recipient","Field":"shortUri3","VariableType":"String","DataVisibility":[],"AnalyzeText":false},{"Description":"rec_playlist11","Type":"Recipient","Field":"rec_playlist11","VariableType":"String","DataVisibility":[],"AnalyzeText":false},{"Description":"rec_playlist12","Type":"Recipient","Field":"rec_playlist12","VariableType":"String","DataVisibility":[],"AnalyzeText":false},{"Description":"rec_playlist13","Type":"Recipient","Field":"rec_playlist13","VariableType":"String","DataVisibility":[],"AnalyzeText":false},{"Description":"rec_playlist21","Type":"Recipient","Field":"rec_playlist21","VariableType":"String","DataVisibility":[],"AnalyzeText":false},{"Description":"rec_playlist22","Type":"Recipient","Field":"rec_playlist22","VariableType":"String","DataVisibility":[],"AnalyzeText":false},{"Description":"rec_playlist23","Type":"Recipient","Field":"rec_playlist23","VariableType":"String","DataVisibility":[],"AnalyzeText":false},{"Description":"rec_playlist31","Type":"Recipient","Field":"rec_playlist31","VariableType":"String","DataVisibility":[],"AnalyzeText":false},{"Description":"rec_playlist32","Type":"Recipient","Field":"rec_playlist32","VariableType":"String","DataVisibility":[],"AnalyzeText":false},{"Description":"rec_playlist33","Type":"Recipient","Field":"rec_playlist33","VariableType":"String","DataVisibility":[],"AnalyzeText":false},{"Description":"rec11","Type":"Recipient","Field":"rec11","VariableType":"String","DataVisibility":[],"AnalyzeText":false},{"Description":"rec12","Type":"Recipient","Field":"rec12","VariableType":"String","DataVisibility":[],"AnalyzeText":false},{"Description":"rec13","Type":"Recipient","Field":"rec13","VariableType":"String","DataVisibility":[],"AnalyzeText":false},{"Description":"rec21","Type":"Recipient","Field":"rec21","VariableType":"String","DataVisibility":[],"AnalyzeText":false},{"Description":"rec22","Type":"Recipient","Field":"rec22","VariableType":"String","DataVisibility":[],"AnalyzeText":false},{"Description":"rec23","Type":"Recipient","Field":"rec23","VariableType":"String","DataVisibility":[],"AnalyzeText":false},{"Description":"rec31","Type":"Recipient","Field":"rec31","VariableType":"String","DataVisibility":[],"AnalyzeText":false},{"Description":"rec32","Type":"Recipient","Field":"rec32","VariableType":"String","DataVisibility":[],"AnalyzeText":false},{"Description":"rec33","Type":"Recipient","Field":"rec33","VariableType":"String","DataVisibility":[],"AnalyzeText":false},{"Description":"accessToken","Type":"Recipient","Field":"accessToken","VariableType":"String","DataVisibility":[],"AnalyzeText":false},{"Description":"recarray1","Type":"Recipient","Field":"recarray1","VariableType":"String","DataVisibility":[],"AnalyzeText":false},{"Description":"recarray2","Type":"Recipient","Field":"recarray2","VariableType":"String","DataVisibility":[],"AnalyzeText":false},{"Description":"recarray3","Type":"Recipient","Field":"recarray3","VariableType":"String","DataVisibility":[],"AnalyzeText":false},{"Description":"rec14","Type":"Recipient","Field":"rec14","VariableType":"String","DataVisibility":[],"AnalyzeText":false},{"Description":"rec24","Type":"Recipient","Field":"rec24","VariableType":"String","DataVisibility":[],"AnalyzeText":false},{"Description":"rec34","Type":"Recipient","Field":"rec34","VariableType":"String","DataVisibility":[],"AnalyzeText":false},{"Description":"rec_playlist14","Type":"Recipient","Field":"rec_playlist14","VariableType":"String","DataVisibility":[],"AnalyzeText":false},{"Description":"rec_playlist24","Type":"Recipient","Field":"rec_playlist24","VariableType":"String","DataVisibility":[],"AnalyzeText":false},{"Description":"rec_playlist34","Type":"Recipient","Field":"rec_playlist34","VariableType":"String","DataVisibility":[],"AnalyzeText":false},{"Description":"Create New Field or Choose From Dropdown...","Type":"Recipient","Field":"Create New Field or Choose From Dropdown...","VariableType":"String","DataVisibility":[],"AnalyzeText":false},{"Description":"Create New Field or Choose From Dropdown...","Type":"Recipient","Field":"Create New Field or Choose From Dropdown...","VariableType":"String","DataVisibility":[],"AnalyzeText":false},{"Description":"PROLIFIC_PID","Type":"Recipient","Field":"PROLIFIC_PID","VariableType":"String","DataVisibility":[],"AnalyzeText":false},{"Description":"STUDY_ID","Type":"Recipient","Field":"STUDY_ID","VariableType":"String","DataVisibility":[],"AnalyzeText":false},{"Description":"SESSION_ID","Type":"Recipient","Field":"SESSION_ID","VariableType":"String","DataVisibility":[],"AnalyzeText":false},{"Description":"Create New Field or Choose From Dropdown...","Type":"Recipient","Field":"Create New Field or Choose From Dropdown...","VariableType":"String","DataVisibility":[],"AnalyzeText":false},{"Description":"id","Type":"Recipient","Field":"id","VariableType":"String","DataVisibility":[],"AnalyzeText":false},{"Description":"playlistUri4","Type":"Recipient","Field":"playlistUri4","VariableType":"String","DataVisibility":[],"AnalyzeText":false},{"Description":"playlistUri5","Type":"Recipient","Field":"playlistUri5","VariableType":"String","DataVisibility":[],"AnalyzeText":false},{"Description":"playlistUri6","Type":"Recipient","Field":"playlistUri6","VariableType":"String","DataVisibility":[],"AnalyzeText":false},{"Description":"valence4","Type":"Recipient","Field":"valence4","VariableType":"String","DataVisibility":[],"AnalyzeText":false},{"Description":"valence5","Type":"Recipient","Field":"valence5","VariableType":"String","DataVisibility":[],"AnalyzeText":false},{"Description":"valence6","Type":"Recipient","Field":"valence6","VariableType":"String","DataVisibility":[],"AnalyzeText":false},{"Description":"arousal4","Type":"Recipient","Field":"arousal4","VariableType":"String","DataVisibility":[],"AnalyzeText":false},{"Description":"arousal5","Type":"Recipient","Field":"arousal5","VariableType":"String","DataVisibility":[],"AnalyzeText":false},{"Description":"arousal6","Type":"Recipient","Field":"arousal6","VariableType":"String","DataVisibility":[],"AnalyzeText":false},{"Description":"pop4","Type":"Recipient","Field":"pop4","VariableType":"String","DataVisibility":[],"AnalyzeText":false},{"Description":"pop5","Type":"Recipient","Field":"pop5","VariableType":"String","DataVisibility":[],"AnalyzeText":false},{"Description":"pop6","Type":"Recipient","Field":"pop6","VariableType":"String","DataVisibility":[],"AnalyzeText":false},{"Description":"rel_date4","Type":"Recipient","Field":"rel_date4","VariableType":"String","DataVisibility":[],"AnalyzeText":false},{"Description":"rel_date5","Type":"Recipient","Field":"rel_date5","VariableType":"String","DataVisibility":[],"AnalyzeText":false},{"Description":"rel_date6","Type":"Recipient","Field":"rel_date6","VariableType":"String","DataVisibility":[],"AnalyzeText":false},{"Description":"shortUri4","Type":"Recipient","Field":"shortUri4","VariableType":"String","DataVisibility":[],"AnalyzeText":false},{"Description":"shortUri5","Type":"Recipient","Field":"shortUri5","VariableType":"String","DataVisibility":[],"AnalyzeText":false},{"Description":"shortUri6","Type":"Recipient","Field":"shortUri6","VariableType":"String","DataVisibility":[],"AnalyzeText":false},{"Description":"rec_playlist41","Type":"Recipient","Field":"rec_playlist41","VariableType":"String","DataVisibility":[],"AnalyzeText":false},{"Description":"rec_playlist42","Type":"Recipient","Field":"rec_playlist42","VariableType":"String","DataVisibility":[],"AnalyzeText":false},{"Description":"rec_playlist43","Type":"Recipient","Field":"rec_playlist43","VariableType":"String","DataVisibility":[],"AnalyzeText":false},{"Description":"rec_playlist44","Type":"Recipient","Field":"rec_playlist44","VariableType":"String","DataVisibility":[],"AnalyzeText":false},{"Description":"rec_playlist51","Type":"Recipient","Field":"rec_playlist51","VariableType":"String","DataVisibility":[],"AnalyzeText":false},{"Description":"rec_playlist52","Type":"Recipient","Field":"rec_playlist52","VariableType":"String","DataVisibility":[],"AnalyzeText":false},{"Description":"rec_playlist53","Type":"Recipient","Field":"rec_playlist53","VariableType":"String","DataVisibility":[],"AnalyzeText":false},{"Description":"rec_playlist54","Type":"Recipient","Field":"rec_playlist54","VariableType":"String","DataVisibility":[],"AnalyzeText":false},{"Description":"rec_playlist61","Type":"Recipient","Field":"rec_playlist61","VariableType":"String","DataVisibility":[],"AnalyzeText":false},{"Description":"rec_playlist62","Type":"Recipient","Field":"rec_playlist62","VariableType":"String","DataVisibility":[],"AnalyzeText":false},{"Description":"rec_playlist63","Type":"Recipient","Field":"rec_playlist63","VariableType":"String","DataVisibility":[],"AnalyzeText":false},{"Description":"rec_playlist64","Type":"Recipient","Field":"rec_playlist64","VariableType":"String","DataVisibility":[],"AnalyzeText":false},{"Description":"rec41","Type":"Recipient","Field":"rec41","VariableType":"String","DataVisibility":[],"AnalyzeText":false},{"Description":"rec42","Type":"Recipient","Field":"rec42","VariableType":"String","DataVisibility":[],"AnalyzeText":false},{"Description":"rec43","Type":"Recipient","Field":"rec43","VariableType":"String","DataVisibility":[],"AnalyzeText":false},{"Description":"rec44","Type":"Recipient","Field":"rec44","VariableType":"String","DataVisibility":[],"AnalyzeText":false},{"Description":"rec51","Type":"Recipient","Field":"rec51","VariableType":"String","DataVisibility":[],"AnalyzeText":false},{"Description":"rec52","Type":"Recipient","Field":"rec52","VariableType":"String","DataVisibility":[],"AnalyzeText":false},{"Description":"rec53","Type":"Recipient","Field":"rec53","VariableType":"String","DataVisibility":[],"AnalyzeText":false},{"Description":"rec54","Type":"Recipient","Field":"rec54","VariableType":"String","DataVisibility":[],"AnalyzeText":false},{"Description":"rec61","Type":"Recipient","Field":"rec61","VariableType":"String","DataVisibility":[],"AnalyzeText":false},{"Description":"rec62","Type":"Recipient","Field":"rec62","VariableType":"String","DataVisibility":[],"AnalyzeText":false},{"Description":"rec63","Type":"Recipient","Field":"rec63","VariableType":"String","DataVisibility":[],"AnalyzeText":false},{"Description":"rec64","Type":"Recipient","Field":"rec64","VariableType":"String","DataVisibility":[],"AnalyzeText":false},{"Description":"recarray4","Type":"Recipient","Field":"recarray4","VariableType":"String","DataVisibility":[],"AnalyzeText":false},{"Description":"recarray5","Type":"Recipient","Field":"recarray5","VariableType":"String","DataVisibility":[],"AnalyzeText":false},{"Description":"recarray6","Type":"Recipient","Field":"recarray6","VariableType":"String","DataVisibility":[],"AnalyzeText":false},{"Description":"rec15","Type":"Recipient","Field":"rec15","VariableType":"String","DataVisibility":[],"AnalyzeText":false},{"Description":"rec16","Type":"Recipient","Field":"rec16","VariableType":"String","DataVisibility":[],"AnalyzeText":false},{"Description":"rec17","Type":"Recipient","Field":"rec17","VariableType":"String","DataVisibility":[],"AnalyzeText":false},{"Description":"rec18","Type":"Recipient","Field":"rec18","VariableType":"String","DataVisibility":[],"AnalyzeText":false},{"Description":"rec19","Type":"Recipient","Field":"rec19","VariableType":"String","DataVisibility":[],"AnalyzeText":false},{"Description":"rec110","Type":"Recipient","Field":"rec110","VariableType":"String","DataVisibility":[],"AnalyzeText":false},{"Description":"Create New Field or Choose From Dropdown...","Type":"Recipient","Field":"Create New Field or Choose From Dropdown...","VariableType":"String","DataVisibility":[],"AnalyzeText":false}]},{"Type":"Standard","ID":"BL_5zlyp8m62Gi6U3Y","FlowID":"FL_287","Autofill":[]},{"Type":"BlockRandomizer","FlowID":"FL_184","SubSet":1,"EvenPresentation":true,"Flow":[{"Type":"Group","FlowID":"FL_186","Description":"Control 1","Flow":[{"Type":"Standard","ID":"BL_cT6FeNW9l1duJfM","FlowID":"FL_194","Autofill":[]},{"Type":"Branch","FlowID":"FL_230","Description":"New Branch","BranchLogic":{"0":{"0":{"LogicType":"Question","QuestionID":"QID41","QuestionIsInLoop":"no","ChoiceLocator":"q:\/\/QID41\/SelectableChoice\/1","Operator":"NotSelected","QuestionIDFromLocator":"QID41","LeftOperand":"q:\/\/QID41\/SelectableChoice\/1","Type":"Expression","Description":"<span class=\"ConjDesc\">If<\/span> <span class=\"QuestionDesc\">How familiar&nbsp;are you with that song?<\/span> <span class=\"LeftOpDesc\">Not at all familiar<\/span> <span class=\"OpDesc\">Is Not Selected<\/span> "},"Type":"If"},"Type":"BooleanExpression"},"Flow":[{"Type":"Standard","ID":"BL_2hRwtqv8FLaGXuC","FlowID":"FL_279","Autofill":[]},{"Type":"Branch","FlowID":"FL_237","Description":"New Branch","BranchLogic":{"0":{"0":{"LogicType":"Question","QuestionID":"QID135","QuestionIsInLoop":"no","ChoiceLocator":"q:\/\/QID135\/SelectableChoice\/1","Operator":"NotSelected","QuestionIDFromLocator":"QID135","LeftOperand":"q:\/\/QID135\/SelectableChoice\/1","Type":"Expression","Description":"<span class=\"ConjDesc\">If<\/span> <span class=\"QuestionDesc\">How familiar&nbsp;are you with that song?<\/span> <span class=\"LeftOpDesc\">Not at all familiar<\/span> <span class=\"OpDesc\">Is Not Selected<\/span> "},"Type":"If"},"Type":"BooleanExpression"},"Flow":[{"Type":"Standard","ID":"BL_eVB7r4bAyt2CmR8","FlowID":"FL_280","Autofill":[]},{"Type":"Branch","FlowID":"FL_269","Description":"New Branch","BranchLogic":{"0":{"0":{"LogicType":"Question","QuestionID":"QID137","QuestionIsInLoop":"no","ChoiceLocator":"q:\/\/QID137\/SelectableChoice\/1","Operator":"NotSelected","QuestionIDFromLocator":"QID137","LeftOperand":"q:\/\/QID137\/SelectableChoice\/1","Type":"Expression","Description":"<span class=\"ConjDesc\">If<\/span> <span class=\"QuestionDesc\">How familiar&nbsp;are you with that song?<\/span> <span class=\"LeftOpDesc\">Not at all familiar<\/span> <span class=\"OpDesc\">Is Not Selected<\/span> "},"Type":"If"},"Type":"BooleanExpression"},"Flow":[{"Type":"Standard","ID":"BL_b42Mzw7zd159zbE","FlowID":"FL_340","Autofill":[]},{"Type":"Branch","FlowID":"FL_334","Description":"New Branch","BranchLogic":{"0":{"0":{"LogicType":"Question","QuestionID":"QID216","QuestionIsInLoop":"no","ChoiceLocator":"q:\/\/QID216\/SelectableChoice\/1","Operator":"NotSelected","QuestionIDFromLocator":"QID216","LeftOperand":"q:\/\/QID216\/SelectableChoice\/1","Type":"Expression","Description":"<span class=\"ConjDesc\">If<\/span> <span class=\"QuestionDesc\">How familiar&nbsp;are you with that song?<\/span> <span class=\"LeftOpDesc\">Not at all familiar<\/span> <span class=\"OpDesc\">Is Not Selected<\/span> "},"Type":"If"},"Type":"BooleanExpression"},"Flow":[{"Type":"Standard","ID":"BL_dpayBsUxV5VV58G","FlowID":"FL_516","Autofill":[]},{"Type":"Branch","FlowID":"FL_522","Description":"New Branch","BranchLogic":{"0":{"0":{"LogicType":"Question","QuestionID":"QID448","QuestionIsInLoop":"no","ChoiceLocator":"q:\/\/QID448\/SelectableChoice\/1","Operator":"NotSelected","QuestionIDFromLocator":"QID448","LeftOperand":"q:\/\/QID448\/SelectableChoice\/1","Type":"Expression","Description":"<span class=\"ConjDesc\">If<\/span> <span class=\"QuestionDesc\">How familiar&nbsp;are you with that song?<\/span> <span class=\"LeftOpDesc\">Not at all familiar<\/span> <span class=\"OpDesc\">Is Not Selected<\/span> "},"Type":"If"},"Type":"BooleanExpression"},"Flow":[{"Type":"Standard","ID":"BL_9LawBMx7NH0fZ9c","FlowID":"FL_509","Autofill":[]},{"Type":"Branch","FlowID":"FL_532","Description":"New Branch","BranchLogic":{"0":{"0":{"LogicType":"Question","QuestionID":"QID457","QuestionIsInLoop":"no","ChoiceLocator":"q:\/\/QID457\/SelectableChoice\/1","Operator":"NotSelected","QuestionIDFromLocator":"QID457","LeftOperand":"q:\/\/QID457\/SelectableChoice\/1","Type":"Expression","Description":"<span class=\"ConjDesc\">If<\/span> <span class=\"QuestionDesc\">How familiar&nbsp;are you with that song?<\/span> <span class=\"LeftOpDesc\">Not at all familiar<\/span> <span class=\"OpDesc\">Is Not Selected<\/span> "},"Type":"If"},"Type":"BooleanExpression"},"Flow":[{"Type":"Standard","ID":"BL_0wAMpqEaTBvg7ie","FlowID":"FL_510","Autofill":[]},{"Type":"Branch","FlowID":"FL_536","Description":"New Branch","BranchLogic":{"0":{"0":{"LogicType":"Question","QuestionID":"QID460","QuestionIsInLoop":"no","ChoiceLocator":"q:\/\/QID460\/SelectableChoice\/1","Operator":"NotSelected","QuestionIDFromLocator":"QID460","LeftOperand":"q:\/\/QID460\/SelectableChoice\/1","Type":"Expression","Description":"<span class=\"ConjDesc\">If<\/span> <span class=\"QuestionDesc\">How familiar&nbsp;are you with that song?<\/span> <span class=\"LeftOpDesc\">Not at all familiar<\/span> <span class=\"OpDesc\">Is Not Selected<\/span> "},"Type":"If"},"Type":"BooleanExpression"},"Flow":[{"Type":"Standard","ID":"BL_a9LCNG3bJMy1fVQ","FlowID":"FL_511","Autofill":[]},{"Type":"Branch","FlowID":"FL_540","Description":"New Branch","BranchLogic":{"0":{"0":{"LogicType":"Question","QuestionID":"QID463","QuestionIsInLoop":"no","ChoiceLocator":"q:\/\/QID463\/SelectableChoice\/1","Operator":"NotSelected","QuestionIDFromLocator":"QID463","LeftOperand":"q:\/\/QID463\/SelectableChoice\/1","Type":"Expression","Description":"<span class=\"ConjDesc\">If<\/span> <span class=\"QuestionDesc\">How familiar&nbsp;are you with that song?<\/span> <span class=\"LeftOpDesc\">Not at all familiar<\/span> <span class=\"OpDesc\">Is Not Selected<\/span> "},"Type":"If"},"Type":"BooleanExpression"},"Flow":[{"Type":"Standard","ID":"BL_01URPe1eCUsNAbA","FlowID":"FL_512","Autofill":[]},{"Type":"Branch","FlowID":"FL_544","Description":"New Branch","BranchLogic":{"0":{"0":{"LogicType":"Question","QuestionID":"QID466","QuestionIsInLoop":"no","ChoiceLocator":"q:\/\/QID466\/SelectableChoice\/1","Operator":"NotSelected","QuestionIDFromLocator":"QID466","LeftOperand":"q:\/\/QID466\/SelectableChoice\/1","Type":"Expression","Description":"<span class=\"ConjDesc\">If<\/span> <span class=\"QuestionDesc\">How familiar&nbsp;are you with that song?<\/span> <span class=\"LeftOpDesc\">Not at all familiar<\/span> <span class=\"OpDesc\">Is Not Selected<\/span> "},"Type":"If"},"Type":"BooleanExpression"},"Flow":[{"Type":"Standard","ID":"BL_bEM9paTuDMwo742","FlowID":"FL_513","Autofill":[]}]}]}]}]}]}]}]}]}]}]}]},{"Type":"EndSurvey","FlowID":"FL_392","EndingType":"Advanced","Options":{"Advanced":"true","SurveyTermination":"DefaultMessage","EOSRedirectURL":"https:\/\/usc.sona-systems.com\/webstudy_credit.aspx?experiment_id=1349&credit_token=f3257c5f1d2f4b9680a6eca60a3d42c8&survey_code=${e:\/\/Field\/id}"}}],"Properties":{"Count":551,"RemovedFieldsets":[]}}},{"SurveyID":"SV_9SnS1kawzDopVRk","Element":"STAT","PrimaryAttribute":"Survey Statistics","SecondaryAttribute":null,"TertiaryAttribute":null,"Payload":{"MobileCompatible":true,"ID":"Survey Statistics"}},{"SurveyID":"SV_9SnS1kawzDopVRk","Element":"SO","PrimaryAttribute":"Survey Options","SecondaryAttribute":null,"TertiaryAttribute":null,"Payload":{"BackButton":"false","SaveAndContinue":"true","SurveyProtection":"PublicSurvey","BallotBoxStuffingPrevention":"false","NoIndex":"Yes","SecureResponseFiles":"true","SurveyExpiration":"None","SurveyTermination":"DefaultMessage","Header":"","Footer":"","ProgressBarDisplay":"None","PartialData":"+1 week","ValidationMessage":null,"PreviousButton":" \u2190 ","NextButton":" \u2192 ","SurveyTitle":"Online Survey Software | Qualtrics Survey Solutions","SkinLibrary":"usc","SkinType":"templated","Skin":{"brandingId":"33901028","templateId":"*base","overrides":null},"NewScoring":1,"CustomStyles":[],"EOSMessage":"MS_bjWjAMmqqd1raIK","ShowExportTags":"false","CollectGeoLocation":"false","SurveyMetaDescription":"Listen to music and rate your emotions.","PasswordProtection":"No","AnonymizeResponse":"No","RefererCheck":"No","UseCustomSurveyLinkCompletedMessage":null,"SurveyLinkCompletedMessage":null,"SurveyLinkCompletedMessageLibrary":null,"ResponseSummary":"No","EOSMessageLibrary":"UR_0kP14XC8Dxte0br","EOSRedirectURL":"http:\/\/","EmailThankYou":"false","ThankYouEmailMessageLibrary":null,"ThankYouEmailMessage":null,"ValidateMessage":"true","ValidationMessageLibrary":null,"InactiveSurvey":"DefaultMessage","PartialDeletion":null,"PartialDataCloseAfter":"LastActivity","InactiveMessageLibrary":null,"InactiveMessage":null,"AvailableLanguages":{"EN":[]},"ProtectSelectionIds":true,"BallotBoxStuffingPreventionBehavior":null,"BallotBoxStuffingPreventionMessage":null,"BallotBoxStuffingPreventionMessageLibrary":null,"BallotBoxStuffingPreventionURL":null,"RecaptchaV3":"false","ConfirmStart":false,"AutoConfirmStart":false,"RelevantID":"false","RelevantIDLockoutPeriod":"+30 days","SurveyName":"SAMPLE SOUNDSLIKETHIS SURVEY"}},{"SurveyID":"SV_9SnS1kawzDopVRk","Element":"SCO","PrimaryAttribute":"Scoring","SecondaryAttribute":null,"TertiaryAttribute":null,"Payload":{"ScoringCategories":[],"ScoringCategoryGroups":[],"ScoringSummaryCategory":null,"ScoringSummaryAfterQuestions":0,"ScoringSummaryAfterSurvey":0,"DefaultScoringCategory":null,"AutoScoringCategory":null}},{"SurveyID":"SV_9SnS1kawzDopVRk","Element":"RS","PrimaryAttribute":"RS_eWYlsLPea9AmgtM","SecondaryAttribute":null,"TertiaryAttribute":null,"Payload":null},{"SurveyID":"SV_9SnS1kawzDopVRk","Element":"PROJ","PrimaryAttribute":"CORE","SecondaryAttribute":null,"TertiaryAttribute":"1.1.0","Payload":{"ProjectCategory":"CORE","SchemaVersion":"1.1.0"}},{"SurveyID":"SV_9SnS1kawzDopVRk","Element":"BL","PrimaryAttribute":"Survey Blocks","SecondaryAttribute":null,"TertiaryAttribute":null,"Payload":{"1":{"Type":"Trash","Description":"Trash \/ Unused Questions","ID":"BL_56ZJJWpa6h9WdUy","BlockElements":[],"Options":{"BlockLocking":"false","RandomizeQuestions":"false","BlockVisibility":"Expanded"}},"21":{"Type":"Standard","SubType":"","Description":"Control Song 1.1 Validate fam","ID":"BL_cT6FeNW9l1duJfM","BlockElements":[{"Type":"Question","QuestionID":"QID39"},{"Type":"Question","QuestionID":"QID149"},{"Type":"Page Break"},{"Type":"Question","QuestionID":"QID41"},{"Type":"Page Break"}],"Options":{"BlockLocking":"false","RandomizeQuestions":"false","BlockVisibility":"Expanded"}},"35":{"Type":"Standard","SubType":"","Description":"Control Song 1.2 Validate fam","ID":"BL_2hRwtqv8FLaGXuC","BlockElements":[{"Type":"Question","QuestionID":"QID134"},{"Type":"Question","QuestionID":"QID150"},{"Type":"Page Break"},{"Type":"Question","QuestionID":"QID135"},{"Type":"Page Break"}],"Options":{"BlockLocking":false,"RandomizeQuestions":"false","BlockVisibility":"Collapsed"}},"36":{"Type":"Standard","SubType":"","Description":"Control Song 1.3 Validate fam","ID":"BL_eVB7r4bAyt2CmR8","BlockElements":[{"Type":"Question","QuestionID":"QID136"},{"Type":"Question","QuestionID":"QID151"},{"Type":"Page Break"},{"Type":"Question","QuestionID":"QID137"},{"Type":"Page Break"}],"Options":{"BlockLocking":false,"RandomizeQuestions":"false","BlockVisibility":"Collapsed"}},"39":{"Type":"Standard","SubType":"","Description":"Artist and Title 1","ID":"BL_5zlyp8m62Gi6U3Y","BlockElements":[{"Type":"Question","QuestionID":"QID195"},{"Type":"Question","QuestionID":"QID167"}],"Options":{"BlockLocking":"false","RandomizeQuestions":"false","BlockVisibility":"Expanded"}},"56":{"Type":"Standard","SubType":"","Description":"Control Song 1.4 Validate fam","ID":"BL_b42Mzw7zd159zbE","BlockElements":[{"Type":"Question","QuestionID":"QID214"},{"Type":"Question","QuestionID":"QID215"},{"Type":"Page Break"},{"Type":"Question","QuestionID":"QID216"},{"Type":"Page Break"}],"Options":{"BlockLocking":false,"RandomizeQuestions":"false","BlockVisibility":"Collapsed"}},"114":{"Type":"Standard","SubType":"","Description":"Control Song 1.5 Validate fam","ID":"BL_dpayBsUxV5VV58G","BlockElements":[{"Type":"Question","QuestionID":"QID446"},{"Type":"Question","QuestionID":"QID447"},{"Type":"Page Break"},{"Type":"Question","QuestionID":"QID448"},{"Type":"Page Break"}],"Options":{"BlockLocking":false,"RandomizeQuestions":"false","BlockVisibility":"Collapsed"}},"121":{"Type":"Standard","SubType":"","Description":"Control Song 1.6 Validate fam","ID":"BL_9LawBMx7NH0fZ9c","BlockElements":[{"Type":"Question","QuestionID":"QID455"},{"Type":"Question","QuestionID":"QID456"},{"Type":"Page Break"},{"Type":"Question","QuestionID":"QID457"},{"Type":"Page Break"}],"Options":{"BlockLocking":false,"RandomizeQuestions":"false","BlockVisibility":"Collapsed"}},"122":{"Type":"Standard","SubType":"","Description":"Control Song 1.7 Validate fam","ID":"BL_0wAMpqEaTBvg7ie","BlockElements":[{"Type":"Question","QuestionID":"QID458"},{"Type":"Question","QuestionID":"QID459"},{"Type":"Page Break"},{"Type":"Question","QuestionID":"QID460"},{"Type":"Page Break"}],"Options":{"BlockLocking":false,"RandomizeQuestions":"false","BlockVisibility":"Collapsed"}},"123":{"Type":"Standard","SubType":"","Description":"Control Song 1.8 Validate fam","ID":"BL_a9LCNG3bJMy1fVQ","BlockElements":[{"Type":"Question","QuestionID":"QID461"},{"Type":"Question","QuestionID":"QID462"},{"Type":"Page Break"},{"Type":"Question","QuestionID":"QID463"},{"Type":"Page Break"}],"Options":{"BlockLocking":false,"RandomizeQuestions":"false","BlockVisibility":"Collapsed"}},"124":{"Type":"Standard","SubType":"","Description":"Control Song 1.9 Validate fam","ID":"BL_01URPe1eCUsNAbA","BlockElements":[{"Type":"Question","QuestionID":"QID464"},{"Type":"Question","QuestionID":"QID465"},{"Type":"Page Break"},{"Type":"Question","QuestionID":"QID466"},{"Type":"Page Break"}],"Options":{"BlockLocking":false,"RandomizeQuestions":"false","BlockVisibility":"Collapsed"}},"125":{"Type":"Standard","SubType":"","Description":"Control Song 1.10 Validate fam","ID":"BL_bEM9paTuDMwo742","BlockElements":[{"Type":"Question","QuestionID":"QID467"},{"Type":"Question","QuestionID":"QID468"},{"Type":"Page Break"},{"Type":"Question","QuestionID":"QID469"},{"Type":"Page Break"}],"Options":{"BlockLocking":false,"RandomizeQuestions":"false","BlockVisibility":"Collapsed"}}}},{"SurveyID":"SV_9SnS1kawzDopVRk","Element":"PL","PrimaryAttribute":"Preview Link","SecondaryAttribute":null,"TertiaryAttribute":null,"Payload":{"PreviewType":"Brand","PreviewID":"b4364249-eccc-4c5b-bf36-3e3daee619d9"}},{"SurveyID":"SV_9SnS1kawzDopVRk","Element":"QC","PrimaryAttribute":"Survey Question Count","SecondaryAttribute":"470","TertiaryAttribute":null,"Payload":null},{"SurveyID":"SV_9SnS1kawzDopVRk","Element":"SQ","PrimaryAttribute":"QID448","SecondaryAttribute":"How familiar\u00a0are you with that song?","TertiaryAttribute":null,"Payload":{"QuestionText":"How <b>familiar<\/b>&nbsp;are you with that song?","DefaultChoices":false,"QuestionType":"MC","Selector":"SAHR","SubSelector":"TX","DataVisibility":{"Private":false,"Hidden":false},"Configuration":{"QuestionDescriptionOption":"UseText","LabelPosition":"BELOW"},"QuestionDescription":"How familiar\u00a0are you with that song?","Choices":{"1":{"Display":"Not at all familiar","ExclusiveAnswer":true},"2":{"Display":"Somewhat familiar","ExclusiveAnswer":true},"3":{"Display":"Very familiar","ExclusiveAnswer":true}},"ChoiceOrder":[1,2,3],"Validation":{"Settings":{"ForceResponse":"ON","ForceResponseType":"ON","Type":"None"}},"GradingData":[],"Language":[],"NextChoiceId":4,"NextAnswerId":1,"QuestionText_Unsafe":"How <b>familiar<\/b>&nbsp;are you with that song?","DynamicChoicesData":[],"QuestionJS":"Qualtrics.SurveyEngine.addOnload(function()\n{\n\tjQuery(\"#\"+this.questionId+\" input[type='checkbox']\").prop(\"checked\",false);\n\n});\n\nQualtrics.SurveyEngine.addOnReady(function()\n{\n\t\/*Place your JavaScript here to run when the page is fully displayed*\/\n\n});\n\nQualtrics.SurveyEngine.addOnUnload(function()\n{\n\t\/*Place your JavaScript here to run when the page is unloaded*\/\n\n});","DataExportTag":"C1.5_fam","QuestionID":"QID448"}},{"SurveyID":"SV_9SnS1kawzDopVRk","Element":"SQ","PrimaryAttribute":"QID469","SecondaryAttribute":"How familiar\u00a0are you with that song?","TertiaryAttribute":null,"Payload":{"QuestionText":"How <b>familiar<\/b>&nbsp;are you with that song?","DefaultChoices":false,"QuestionType":"MC","Selector":"SAHR","SubSelector":"TX","DataVisibility":{"Private":false,"Hidden":false},"Configuration":{"QuestionDescriptionOption":"UseText","LabelPosition":"BELOW"},"QuestionDescription":"How familiar\u00a0are you with that song?","Choices":{"1":{"Display":"Not at all familiar","ExclusiveAnswer":true},"2":{"Display":"Somewhat familiar","ExclusiveAnswer":true},"3":{"Display":"Very familiar","ExclusiveAnswer":true}},"ChoiceOrder":[1,2,3],"Validation":{"Settings":{"ForceResponse":"ON","ForceResponseType":"ON","Type":"None"}},"GradingData":[],"Language":[],"NextChoiceId":4,"NextAnswerId":1,"QuestionText_Unsafe":"How <b>familiar<\/b>&nbsp;are you with that song?","DynamicChoicesData":[],"QuestionJS":"Qualtrics.SurveyEngine.addOnload(function()\n{\n\tjQuery(\"#\"+this.questionId+\" input[type='checkbox']\").prop(\"checked\",false);\n\n});\n\nQualtrics.SurveyEngine.addOnReady(function()\n{\n\t\/*Place your JavaScript here to run when the page is fully displayed*\/\n\n});\n\nQualtrics.SurveyEngine.addOnUnload(function()\n{\n\t\/*Place your JavaScript here to run when the page is unloaded*\/\n\n});","DataExportTag":"C1.10_fam","QuestionID":"QID469"}},{"SurveyID":"SV_9SnS1kawzDopVRk","Element":"SQ","PrimaryAttribute":"QID466","SecondaryAttribute":"How familiar\u00a0are you with that song?","TertiaryAttribute":null,"Payload":{"QuestionText":"How <b>familiar<\/b>&nbsp;are you with that song?","DefaultChoices":false,"QuestionType":"MC","Selector":"SAHR","SubSelector":"TX","DataVisibility":{"Private":false,"Hidden":false},"Configuration":{"QuestionDescriptionOption":"UseText","LabelPosition":"BELOW"},"QuestionDescription":"How familiar\u00a0are you with that song?","Choices":{"1":{"Display":"Not at all familiar","ExclusiveAnswer":true},"2":{"Display":"Somewhat familiar","ExclusiveAnswer":true},"3":{"Display":"Very familiar","ExclusiveAnswer":true}},"ChoiceOrder":[1,2,3],"Validation":{"Settings":{"ForceResponse":"ON","ForceResponseType":"ON","Type":"None"}},"GradingData":[],"Language":[],"NextChoiceId":4,"NextAnswerId":1,"QuestionText_Unsafe":"How <b>familiar<\/b>&nbsp;are you with that song?","DynamicChoicesData":[],"QuestionJS":"Qualtrics.SurveyEngine.addOnload(function()\n{\n\tjQuery(\"#\"+this.questionId+\" input[type='checkbox']\").prop(\"checked\",false);\n\n});\n\nQualtrics.SurveyEngine.addOnReady(function()\n{\n\t\/*Place your JavaScript here to run when the page is fully displayed*\/\n\n});\n\nQualtrics.SurveyEngine.addOnUnload(function()\n{\n\t\/*Place your JavaScript here to run when the page is unloaded*\/\n\n});","DataExportTag":"C1.9_fam","QuestionID":"QID466"}},{"SurveyID":"SV_9SnS1kawzDopVRk","Element":"SQ","PrimaryAttribute":"QID463","SecondaryAttribute":"How familiar\u00a0are you with that song?","TertiaryAttribute":null,"Payload":{"QuestionText":"How <b>familiar<\/b>&nbsp;are you with that song?","DefaultChoices":false,"QuestionType":"MC","Selector":"SAHR","SubSelector":"TX","DataVisibility":{"Private":false,"Hidden":false},"Configuration":{"QuestionDescriptionOption":"UseText","LabelPosition":"BELOW"},"QuestionDescription":"How familiar\u00a0are you with that song?","Choices":{"1":{"Display":"Not at all familiar","ExclusiveAnswer":true},"2":{"Display":"Somewhat familiar","ExclusiveAnswer":true},"3":{"Display":"Very familiar","ExclusiveAnswer":true}},"ChoiceOrder":[1,2,3],"Validation":{"Settings":{"ForceResponse":"ON","ForceResponseType":"ON","Type":"None"}},"GradingData":[],"Language":[],"NextChoiceId":4,"NextAnswerId":1,"QuestionText_Unsafe":"How <b>familiar<\/b>&nbsp;are you with that song?","DynamicChoicesData":[],"QuestionJS":"Qualtrics.SurveyEngine.addOnload(function()\n{\n\tjQuery(\"#\"+this.questionId+\" input[type='checkbox']\").prop(\"checked\",false);\n\n});\n\nQualtrics.SurveyEngine.addOnReady(function()\n{\n\t\/*Place your JavaScript here to run when the page is fully displayed*\/\n\n});\n\nQualtrics.SurveyEngine.addOnUnload(function()\n{\n\t\/*Place your JavaScript here to run when the page is unloaded*\/\n\n});","DataExportTag":"C1.8_fam","QuestionID":"QID463"}},{"SurveyID":"SV_9SnS1kawzDopVRk","Element":"SQ","PrimaryAttribute":"QID460","SecondaryAttribute":"How familiar\u00a0are you with that song?","TertiaryAttribute":null,"Payload":{"QuestionText":"How <b>familiar<\/b>&nbsp;are you with that song?","DefaultChoices":false,"QuestionType":"MC","Selector":"SAHR","SubSelector":"TX","DataVisibility":{"Private":false,"Hidden":false},"Configuration":{"QuestionDescriptionOption":"UseText","LabelPosition":"BELOW"},"QuestionDescription":"How familiar\u00a0are you with that song?","Choices":{"1":{"Display":"Not at all familiar","ExclusiveAnswer":true},"2":{"Display":"Somewhat familiar","ExclusiveAnswer":true},"3":{"Display":"Very familiar","ExclusiveAnswer":true}},"ChoiceOrder":[1,2,3],"Validation":{"Settings":{"ForceResponse":"ON","ForceResponseType":"ON","Type":"None"}},"GradingData":[],"Language":[],"NextChoiceId":4,"NextAnswerId":1,"QuestionText_Unsafe":"How <b>familiar<\/b>&nbsp;are you with that song?","DynamicChoicesData":[],"QuestionJS":"Qualtrics.SurveyEngine.addOnload(function()\n{\n\tjQuery(\"#\"+this.questionId+\" input[type='checkbox']\").prop(\"checked\",false);\n\n});\n\nQualtrics.SurveyEngine.addOnReady(function()\n{\n\t\/*Place your JavaScript here to run when the page is fully displayed*\/\n\n});\n\nQualtrics.SurveyEngine.addOnUnload(function()\n{\n\t\/*Place your JavaScript here to run when the page is unloaded*\/\n\n});","DataExportTag":"C1.7_fam","QuestionID":"QID460"}},{"SurveyID":"SV_9SnS1kawzDopVRk","Element":"SQ","PrimaryAttribute":"QID457","SecondaryAttribute":"How familiar\u00a0are you with that song?","TertiaryAttribute":null,"Payload":{"QuestionText":"How <b>familiar<\/b>&nbsp;are you with that song?","DefaultChoices":false,"QuestionType":"MC","Selector":"SAHR","SubSelector":"TX","DataVisibility":{"Private":false,"Hidden":false},"Configuration":{"QuestionDescriptionOption":"UseText","LabelPosition":"BELOW"},"QuestionDescription":"How familiar\u00a0are you with that song?","Choices":{"1":{"Display":"Not at all familiar","ExclusiveAnswer":true},"2":{"Display":"Somewhat familiar","ExclusiveAnswer":true},"3":{"Display":"Very familiar","ExclusiveAnswer":true}},"ChoiceOrder":[1,2,3],"Validation":{"Settings":{"ForceResponse":"ON","ForceResponseType":"ON","Type":"None"}},"GradingData":[],"Language":[],"NextChoiceId":4,"NextAnswerId":1,"QuestionText_Unsafe":"How <b>familiar<\/b>&nbsp;are you with that song?","DynamicChoicesData":[],"QuestionJS":"Qualtrics.SurveyEngine.addOnload(function()\n{\n\tjQuery(\"#\"+this.questionId+\" input[type='checkbox']\").prop(\"checked\",false);\n\n});\n\nQualtrics.SurveyEngine.addOnReady(function()\n{\n\t\/*Place your JavaScript here to run when the page is fully displayed*\/\n\n});\n\nQualtrics.SurveyEngine.addOnUnload(function()\n{\n\t\/*Place your JavaScript here to run when the page is unloaded*\/\n\n});","DataExportTag":"C1.6_fam","QuestionID":"QID457"}},{"SurveyID":"SV_9SnS1kawzDopVRk","Element":"SQ","PrimaryAttribute":"QID41","SecondaryAttribute":"How familiar\u00a0are you with that song?","TertiaryAttribute":null,"Payload":{"QuestionText":"How <b>familiar<\/b>&nbsp;are you with that song?","DefaultChoices":false,"QuestionType":"MC","Selector":"SAHR","SubSelector":"TX","DataVisibility":{"Private":false,"Hidden":false},"Configuration":{"QuestionDescriptionOption":"UseText","LabelPosition":"BELOW"},"QuestionDescription":"How familiar\u00a0are you with that song?","Choices":{"1":{"Display":"Not at all familiar","ExclusiveAnswer":true},"2":{"Display":"Somewhat familiar","ExclusiveAnswer":true},"3":{"Display":"Very familiar","ExclusiveAnswer":true}},"ChoiceOrder":[1,2,3],"Validation":{"Settings":{"ForceResponse":"ON","ForceResponseType":"ON","Type":"None"}},"GradingData":[],"Language":[],"NextChoiceId":4,"NextAnswerId":1,"QuestionText_Unsafe":"How <b>familiar<\/b>&nbsp;are you with that song?","DataExportTag":"C1.1_fam","QuestionID":"QID41","DynamicChoicesData":[],"QuestionJS":"Qualtrics.SurveyEngine.addOnload(function()\n{\n\tjQuery(\"#\"+this.questionId+\" input[type='checkbox']\").prop(\"checked\",false);\n\n});\n\nQualtrics.SurveyEngine.addOnReady(function()\n{\n\t\/*Place your JavaScript here to run when the page is fully displayed*\/\n\n});\n\nQualtrics.SurveyEngine.addOnUnload(function()\n{\n\t\/*Place your JavaScript here to run when the page is unloaded*\/\n\n});"}},{"SurveyID":"SV_9SnS1kawzDopVRk","Element":"SQ","PrimaryAttribute":"QID216","SecondaryAttribute":"How familiar\u00a0are you with that song?","TertiaryAttribute":null,"Payload":{"QuestionText":"How <b>familiar<\/b>&nbsp;are you with that song?","DefaultChoices":false,"QuestionType":"MC","Selector":"SAHR","SubSelector":"TX","DataVisibility":{"Private":false,"Hidden":false},"Configuration":{"QuestionDescriptionOption":"UseText","LabelPosition":"BELOW"},"QuestionDescription":"How familiar\u00a0are you with that song?","Choices":{"1":{"Display":"Not at all familiar","ExclusiveAnswer":true},"2":{"Display":"Somewhat familiar","ExclusiveAnswer":true},"3":{"Display":"Very familiar","ExclusiveAnswer":true}},"ChoiceOrder":[1,2,3],"Validation":{"Settings":{"ForceResponse":"ON","ForceResponseType":"ON","Type":"None"}},"GradingData":[],"Language":[],"NextChoiceId":4,"NextAnswerId":1,"QuestionText_Unsafe":"How <b>familiar<\/b>&nbsp;are you with that song?","DynamicChoicesData":[],"QuestionJS":"Qualtrics.SurveyEngine.addOnload(function()\n{\n\tjQuery(\"#\"+this.questionId+\" input[type='checkbox']\").prop(\"checked\",false);\n\n});\n\nQualtrics.SurveyEngine.addOnReady(function()\n{\n\t\/*Place your JavaScript here to run when the page is fully displayed*\/\n\n});\n\nQualtrics.SurveyEngine.addOnUnload(function()\n{\n\t\/*Place your JavaScript here to run when the page is unloaded*\/\n\n});","DataExportTag":"C1.4_fam","QuestionID":"QID216"}},{"SurveyID":"SV_9SnS1kawzDopVRk","Element":"SQ","PrimaryAttribute":"QID135","SecondaryAttribute":"How familiar\u00a0are you with that song?","TertiaryAttribute":null,"Payload":{"QuestionText":"How <b>familiar<\/b>&nbsp;are you with that song?","DefaultChoices":false,"QuestionType":"MC","Selector":"SAHR","SubSelector":"TX","DataVisibility":{"Private":false,"Hidden":false},"Configuration":{"QuestionDescriptionOption":"UseText","LabelPosition":"BELOW"},"QuestionDescription":"How familiar\u00a0are you with that song?","Choices":{"1":{"Display":"Not at all familiar","ExclusiveAnswer":true},"2":{"Display":"Somewhat familiar","ExclusiveAnswer":true},"3":{"Display":"Very familiar","ExclusiveAnswer":true}},"ChoiceOrder":[1,2,3],"Validation":{"Settings":{"ForceResponse":"ON","ForceResponseType":"ON","Type":"None"}},"GradingData":[],"Language":[],"NextChoiceId":4,"NextAnswerId":1,"QuestionText_Unsafe":"How <b>familiar<\/b>&nbsp;are you with that song?","DynamicChoicesData":[],"QuestionJS":"Qualtrics.SurveyEngine.addOnload(function()\n{\n\tjQuery(\"#\"+this.questionId+\" input[type='checkbox']\").prop(\"checked\",false);\n\n});\n\nQualtrics.SurveyEngine.addOnReady(function()\n{\n\t\/*Place your JavaScript here to run when the page is fully displayed*\/\n\n});\n\nQualtrics.SurveyEngine.addOnUnload(function()\n{\n\t\/*Place your JavaScript here to run when the page is unloaded*\/\n\n});","DataExportTag":"C1.2_fam","QuestionID":"QID135"}},{"SurveyID":"SV_9SnS1kawzDopVRk","Element":"SQ","PrimaryAttribute":"QID137","SecondaryAttribute":"How familiar\u00a0are you with that song?","TertiaryAttribute":null,"Payload":{"QuestionText":"How <b>familiar<\/b>&nbsp;are you with that song?","DefaultChoices":false,"QuestionType":"MC","Selector":"SAHR","SubSelector":"TX","DataVisibility":{"Private":false,"Hidden":false},"Configuration":{"QuestionDescriptionOption":"UseText","LabelPosition":"BELOW"},"QuestionDescription":"How familiar\u00a0are you with that song?","Choices":{"1":{"Display":"Not at all familiar","ExclusiveAnswer":true},"2":{"Display":"Somewhat familiar","ExclusiveAnswer":true},"3":{"Display":"Very familiar","ExclusiveAnswer":true}},"ChoiceOrder":[1,2,3],"Validation":{"Settings":{"ForceResponse":"ON","ForceResponseType":"ON","Type":"None"}},"GradingData":[],"Language":[],"NextChoiceId":4,"NextAnswerId":1,"QuestionText_Unsafe":"How <b>familiar<\/b>&nbsp;are you with that song?","DynamicChoicesData":[],"QuestionJS":"Qualtrics.SurveyEngine.addOnload(function()\n{\n\tjQuery(\"#\"+this.questionId+\" input[type='checkbox']\").prop(\"checked\",false);\n\n});\n\nQualtrics.SurveyEngine.addOnReady(function()\n{\n\t\/*Place your JavaScript here to run when the page is fully displayed*\/\n\n});\n\nQualtrics.SurveyEngine.addOnUnload(function()\n{\n\t\/*Place your JavaScript here to run when the page is unloaded*\/\n\n});","DataExportTag":"C1.3_fam","QuestionID":"QID137"}},{"SurveyID":"SV_9SnS1kawzDopVRk","Element":"SQ","PrimaryAttribute":"QID134","SecondaryAttribute":"Please listen. The song may take a few seconds to load. Once the clip has finished playing 30 sec...","TertiaryAttribute":null,"Payload":{"QuestionText":"Please listen. The song may take a few seconds to load. Once the clip has finished playing 30 seconds, you may proceed to the next page.&nbsp;<div><br><div class=\"row\"><iframe src=\"${e:\/\/Field\/rec12}\" width=\"300\" height=\"180\" frameborder=\"0\" allowtransparency=\"true\" allow=\"encrypted-media\"><\/iframe><\/div><\/div>","DefaultChoices":false,"QuestionType":"DB","Selector":"TB","Configuration":{"QuestionDescriptionOption":"UseText"},"QuestionDescription":"Please listen. The song may take a few seconds to load. Once the clip has finished playing 30 sec...","ChoiceOrder":[],"Validation":{"Settings":{"Type":"None"}},"GradingData":[],"Language":[],"NextChoiceId":4,"NextAnswerId":1,"QuestionText_Unsafe":"Please listen.&nbsp; C1","DataVisibility":{"Private":false,"Hidden":false},"DataExportTag":"C1.2","QuestionID":"QID134"}},{"SurveyID":"SV_9SnS1kawzDopVRk","Element":"SQ","PrimaryAttribute":"QID39","SecondaryAttribute":"Please listen. The song may take a few seconds to load. Once the clip has finished playing 30 sec...","TertiaryAttribute":null,"Payload":{"QuestionText":"Please listen. The song may take a few seconds to load. Once the clip has finished playing 30 seconds, you may proceed to the next page.&nbsp;<div><br><div class=\"row\"><iframe src=\"${e:\/\/Field\/rec11}\" width=\"300\" height=\"180\" frameborder=\"0\" allowtransparency=\"true\" allow=\"encrypted-media\"><\/iframe><\/div><\/div>","DefaultChoices":false,"QuestionType":"DB","Selector":"TB","Configuration":{"QuestionDescriptionOption":"UseText"},"QuestionDescription":"Please listen. The song may take a few seconds to load. Once the clip has finished playing 30 sec...","ChoiceOrder":[],"Validation":{"Settings":{"Type":"None"}},"GradingData":[],"Language":[],"NextChoiceId":4,"NextAnswerId":1,"QuestionText_Unsafe":"Please listen.&nbsp;","DataExportTag":"C1.1","QuestionID":"QID39","DataVisibility":{"Private":false,"Hidden":false}}},{"SurveyID":"SV_9SnS1kawzDopVRk","Element":"SQ","PrimaryAttribute":"QID446","SecondaryAttribute":"Please listen. The song may take a few seconds to load. Once the clip has finished playing 30 sec...","TertiaryAttribute":null,"Payload":{"QuestionText":"Please listen. The song may take a few seconds to load. Once the clip has finished playing 30 seconds, you may proceed to the next page.&nbsp;<div><br><div class=\"row\"><iframe src=\"${e:\/\/Field\/rec15}\" width=\"300\" height=\"180\" frameborder=\"0\" allowtransparency=\"true\" allow=\"encrypted-media\"><\/iframe><\/div><\/div>","DefaultChoices":false,"QuestionType":"DB","Selector":"TB","Configuration":{"QuestionDescriptionOption":"UseText"},"QuestionDescription":"Please listen. The song may take a few seconds to load. Once the clip has finished playing 30 sec...","ChoiceOrder":[],"Validation":{"Settings":{"Type":"None"}},"GradingData":[],"Language":[],"NextChoiceId":4,"NextAnswerId":1,"QuestionText_Unsafe":"Please listen. The song may take a few seconds to load. Once the clip has finished playing 30 seconds, you may proceed to the next page.&nbsp;<div><br><div class=\"row\"><iframe src=\"${e:\/\/Field\/rec14}\" width=\"300\" height=\"180\" frameborder=\"0\" allowtransparency=\"true\" allow=\"encrypted-media\"><\/iframe><\/div><\/div>","DataVisibility":{"Private":false,"Hidden":false},"DataExportTag":"C1.5","QuestionID":"QID446"}},{"SurveyID":"SV_9SnS1kawzDopVRk","Element":"SQ","PrimaryAttribute":"QID467","SecondaryAttribute":"Please listen. The song may take a few seconds to load. Once the clip has finished playing 30 sec...","TertiaryAttribute":null,"Payload":{"QuestionText":"Please listen. The song may take a few seconds to load. Once the clip has finished playing 30 seconds, you may proceed to the next page.&nbsp;<div><br><div class=\"row\"><iframe src=\"${e:\/\/Field\/rec10}\" width=\"300\" height=\"180\" frameborder=\"0\" allowtransparency=\"true\" allow=\"encrypted-media\"><\/iframe><\/div><\/div>","DefaultChoices":false,"QuestionType":"DB","Selector":"TB","Configuration":{"QuestionDescriptionOption":"UseText"},"QuestionDescription":"Please listen. The song may take a few seconds to load. Once the clip has finished playing 30 sec...","ChoiceOrder":[],"Validation":{"Settings":{"Type":"None"}},"GradingData":[],"Language":[],"NextChoiceId":4,"NextAnswerId":1,"QuestionText_Unsafe":"Please listen. The song may take a few seconds to load. Once the clip has finished playing 30 seconds, you may proceed to the next page.&nbsp;<div><br><div class=\"row\"><iframe src=\"${e:\/\/Field\/rec14}\" width=\"300\" height=\"180\" frameborder=\"0\" allowtransparency=\"true\" allow=\"encrypted-media\"><\/iframe><\/div><\/div>","DataVisibility":{"Private":false,"Hidden":false},"DataExportTag":"C1.10","QuestionID":"QID467"}},{"SurveyID":"SV_9SnS1kawzDopVRk","Element":"SQ","PrimaryAttribute":"QID455","SecondaryAttribute":"Please listen. The song may take a few seconds to load. Once the clip has finished playing 30 sec...","TertiaryAttribute":null,"Payload":{"QuestionText":"Please listen. The song may take a few seconds to load. Once the clip has finished playing 30 seconds, you may proceed to the next page.&nbsp;<div><br><div class=\"row\"><iframe src=\"${e:\/\/Field\/rec16}\" width=\"300\" height=\"180\" frameborder=\"0\" allowtransparency=\"true\" allow=\"encrypted-media\"><\/iframe><\/div><\/div>","DefaultChoices":false,"QuestionType":"DB","Selector":"TB","Configuration":{"QuestionDescriptionOption":"UseText"},"QuestionDescription":"Please listen. The song may take a few seconds to load. Once the clip has finished playing 30 sec...","ChoiceOrder":[],"Validation":{"Settings":{"Type":"None"}},"GradingData":[],"Language":[],"NextChoiceId":4,"NextAnswerId":1,"QuestionText_Unsafe":"Please listen. The song may take a few seconds to load. Once the clip has finished playing 30 seconds, you may proceed to the next page.&nbsp;<div><br><div class=\"row\"><iframe src=\"${e:\/\/Field\/rec14}\" width=\"300\" height=\"180\" frameborder=\"0\" allowtransparency=\"true\" allow=\"encrypted-media\"><\/iframe><\/div><\/div>","DataVisibility":{"Private":false,"Hidden":false},"DataExportTag":"C1.6","QuestionID":"QID455"}},{"SurveyID":"SV_9SnS1kawzDopVRk","Element":"SQ","PrimaryAttribute":"QID136","SecondaryAttribute":"Please listen. The song may take a few seconds to load. Once the clip has finished playing 30 sec...","TertiaryAttribute":null,"Payload":{"QuestionText":"Please listen. The song may take a few seconds to load. Once the clip has finished playing 30 seconds, you may proceed to the next page.&nbsp;<div><br><div class=\"row\"><iframe src=\"${e:\/\/Field\/rec13}\" width=\"300\" height=\"180\" frameborder=\"0\" allowtransparency=\"true\" allow=\"encrypted-media\"><\/iframe><\/div><\/div>","DefaultChoices":false,"QuestionType":"DB","Selector":"TB","Configuration":{"QuestionDescriptionOption":"UseText"},"QuestionDescription":"Please listen. The song may take a few seconds to load. Once the clip has finished playing 30 sec...","ChoiceOrder":[],"Validation":{"Settings":{"Type":"None"}},"GradingData":[],"Language":[],"NextChoiceId":4,"NextAnswerId":1,"QuestionText_Unsafe":"Please listen.&nbsp; C1","DataVisibility":{"Private":false,"Hidden":false},"DataExportTag":"C1.3","QuestionID":"QID136"}},{"SurveyID":"SV_9SnS1kawzDopVRk","Element":"SQ","PrimaryAttribute":"QID458","SecondaryAttribute":"Please listen. The song may take a few seconds to load. Once the clip has finished playing 30 sec...","TertiaryAttribute":null,"Payload":{"QuestionText":"Please listen. The song may take a few seconds to load. Once the clip has finished playing 30 seconds, you may proceed to the next page.&nbsp;<div><br><div class=\"row\"><iframe src=\"${e:\/\/Field\/rec17}\" width=\"300\" height=\"180\" frameborder=\"0\" allowtransparency=\"true\" allow=\"encrypted-media\"><\/iframe><\/div><\/div>","DefaultChoices":false,"QuestionType":"DB","Selector":"TB","Configuration":{"QuestionDescriptionOption":"UseText"},"QuestionDescription":"Please listen. The song may take a few seconds to load. Once the clip has finished playing 30 sec...","ChoiceOrder":[],"Validation":{"Settings":{"Type":"None"}},"GradingData":[],"Language":[],"NextChoiceId":4,"NextAnswerId":1,"QuestionText_Unsafe":"Please listen. The song may take a few seconds to load. Once the clip has finished playing 30 seconds, you may proceed to the next page.&nbsp;<div><br><div class=\"row\"><iframe src=\"${e:\/\/Field\/rec14}\" width=\"300\" height=\"180\" frameborder=\"0\" allowtransparency=\"true\" allow=\"encrypted-media\"><\/iframe><\/div><\/div>","DataVisibility":{"Private":false,"Hidden":false},"DataExportTag":"C1.7","QuestionID":"QID458"}},{"SurveyID":"SV_9SnS1kawzDopVRk","Element":"SQ","PrimaryAttribute":"QID214","SecondaryAttribute":"Please listen. The song may take a few seconds to load. Once the clip has finished playing 30 sec...","TertiaryAttribute":null,"Payload":{"QuestionText":"Please listen. The song may take a few seconds to load. Once the clip has finished playing 30 seconds, you may proceed to the next page.&nbsp;<div><br><div class=\"row\"><iframe src=\"${e:\/\/Field\/rec14}\" width=\"300\" height=\"180\" frameborder=\"0\" allowtransparency=\"true\" allow=\"encrypted-media\"><\/iframe><\/div><\/div>","DefaultChoices":false,"QuestionType":"DB","Selector":"TB","Configuration":{"QuestionDescriptionOption":"UseText"},"QuestionDescription":"Please listen. The song may take a few seconds to load. Once the clip has finished playing 30 sec...","ChoiceOrder":[],"Validation":{"Settings":{"Type":"None"}},"GradingData":[],"Language":[],"NextChoiceId":4,"NextAnswerId":1,"QuestionText_Unsafe":"Please listen. The song may take a few seconds to load. Once the clip has finished playing 30 seconds, you may proceed to the next page.&nbsp;<div><br><div class=\"row\"><iframe src=\"${e:\/\/Field\/rec13}\" width=\"300\" height=\"180\" frameborder=\"0\" allowtransparency=\"true\" allow=\"encrypted-media\"><\/iframe><\/div><\/div>","DataVisibility":{"Private":false,"Hidden":false},"DataExportTag":"C1.4","QuestionID":"QID214"}},{"SurveyID":"SV_9SnS1kawzDopVRk","Element":"SQ","PrimaryAttribute":"QID464","SecondaryAttribute":"Please listen. The song may take a few seconds to load. Once the clip has finished playing 30 sec...","TertiaryAttribute":null,"Payload":{"QuestionText":"Please listen. The song may take a few seconds to load. Once the clip has finished playing 30 seconds, you may proceed to the next page.&nbsp;<div><br><div class=\"row\"><iframe src=\"${e:\/\/Field\/rec19}\" width=\"300\" height=\"180\" frameborder=\"0\" allowtransparency=\"true\" allow=\"encrypted-media\"><\/iframe><\/div><\/div>","DefaultChoices":false,"QuestionType":"DB","Selector":"TB","Configuration":{"QuestionDescriptionOption":"UseText"},"QuestionDescription":"Please listen. The song may take a few seconds to load. Once the clip has finished playing 30 sec...","ChoiceOrder":[],"Validation":{"Settings":{"Type":"None"}},"GradingData":[],"Language":[],"NextChoiceId":4,"NextAnswerId":1,"QuestionText_Unsafe":"Please listen. The song may take a few seconds to load. Once the clip has finished playing 30 seconds, you may proceed to the next page.&nbsp;<div><br><div class=\"row\"><iframe src=\"${e:\/\/Field\/rec14}\" width=\"300\" height=\"180\" frameborder=\"0\" allowtransparency=\"true\" allow=\"encrypted-media\"><\/iframe><\/div><\/div>","DataVisibility":{"Private":false,"Hidden":false},"DataExportTag":"C1.9","QuestionID":"QID464"}},{"SurveyID":"SV_9SnS1kawzDopVRk","Element":"SQ","PrimaryAttribute":"QID461","SecondaryAttribute":"Please listen. The song may take a few seconds to load. Once the clip has finished playing 30 sec...","TertiaryAttribute":null,"Payload":{"QuestionText":"Please listen. The song may take a few seconds to load. Once the clip has finished playing 30 seconds, you may proceed to the next page.&nbsp;<div><br><div class=\"row\"><iframe src=\"${e:\/\/Field\/rec18}\" width=\"300\" height=\"180\" frameborder=\"0\" allowtransparency=\"true\" allow=\"encrypted-media\"><\/iframe><\/div><\/div>","DefaultChoices":false,"QuestionType":"DB","Selector":"TB","Configuration":{"QuestionDescriptionOption":"UseText"},"QuestionDescription":"Please listen. The song may take a few seconds to load. Once the clip has finished playing 30 sec...","ChoiceOrder":[],"Validation":{"Settings":{"Type":"None"}},"GradingData":[],"Language":[],"NextChoiceId":4,"NextAnswerId":1,"QuestionText_Unsafe":"Please listen. The song may take a few seconds to load. Once the clip has finished playing 30 seconds, you may proceed to the next page.&nbsp;<div><br><div class=\"row\"><iframe src=\"${e:\/\/Field\/rec14}\" width=\"300\" height=\"180\" frameborder=\"0\" allowtransparency=\"true\" allow=\"encrypted-media\"><\/iframe><\/div><\/div>","DataVisibility":{"Private":false,"Hidden":false},"DataExportTag":"C1.8","QuestionID":"QID461"}},{"SurveyID":"SV_9SnS1kawzDopVRk","Element":"SQ","PrimaryAttribute":"QID167","SecondaryAttribute":"Put in ONE song and artist (separated by space) that makes you feel nostalgic, then click\u00a0\u00a0HERE\u00a0","TertiaryAttribute":null,"Payload":{"QuestionText":"Put in ONE song and artist (separated by space) that <b>makes you feel nostalgic<\/b>, then click&nbsp;&nbsp;<button style=\"font-size:20px;width:70px;height:50px\" type=\"button\">HERE<\/button>&nbsp;&nbsp;to see if it's in Spotify's system. (You will have the opportunity to enter more songs later. For now just enter one song.)<div><br><\/div><div><i>For example, to select \"<b>My Song\" <\/b>by<b>&nbsp;My Artist<\/b>, you would type: <b>My Song My Artist<\/b><\/i><\/div>","QuestionJS":"Qualtrics.SurveyEngine.addOnload(function()\n{\n\t\n\t\/\/ sleep time expects milliseconds\n\tfunction sleep (time) {\n\t\treturn new Promise((resolve) => setTimeout(resolve, time));\n\t}\n\t\/\/ Return the artists of a song\n\tfunction array_to_string(a)\n\t{\n\t\tmyString = \"\";\n\t\tfor (var i = 0; i < a.length-1 ; i++) \n\t\t{\n\t\t   myString += a[i].name+', ';\n\t\t}\n\t\tmyString += a[a.length-1].name;\n\t\treturn myString;\n\t}\n\t\n\t\n\t\/\/ replace \"greert\" with your username\n\tjQuery.getScript(\"https:\/\/greert.github.io\/files\/key_lab.js\", function(){\n\t\tQualtrics.SurveyEngine.setEmbeddedData( 'accessToken', accessToken);\n\t\t\n\t});\n\t\tvar window = this;\n\t\twindow.disableNextButton();\n\t\tvar hidden_fields = jQuery(\"input[type='text']\");\n\t\tfound = false;\n\t\tfound_ez = false;\n\t\t\n\t\twindow.questionclick = function(event,element)\n\t\t{\n\t\t\t\n\t\t\tif (element.type == 'button')\n\t\t\t{\n\t\t\t\tfound = false;\n\n\t\t\t\tvar elements = jQuery('input[type=text]');\n\t\t\t\t\n\t\t\t\tvar myInput1 = elements[0].value;\n\n\t\t\t\tvar myInput2 = myInput1.replace(',', '');\n\t\t\t\tvar myInput3 = myInput2.replace(':', '');\n\t\t\t\tvar myInput4 = myInput3.replace(' by ', ' ');\n\t\t\t\tvar myInput = myInput4.replace(\/\"\/g,\"\");\n\n\t\t\t\t\n\t\t\t\tjQuery.ajax({\n\t\t\t\t\turl: 'https:\/\/api.spotify.com\/v1\/search?q=' + myInput + '&type=track&limit=1',\n\t\t\t\t\ttype: 'GET',\n\t\t\t\t\theaders: {\n\t\t\t\t\t\t'Authorization' : 'Bearer ' + accessToken\n\t\t\t\t\t},\n\t\t\t\t\tsuccess: function(song) {\n\t\t\t\t\t\tfound = false;\n\t\t\t\t\t\tfound_dressing = false;\n\t\t\t\t\t\talert('The song found on Spotify is ' + song.tracks.items[0].name +' by '+ array_to_string(song.tracks.items[0].artists)  +'.');\n\t\t\t\t\t\trel_date = parseInt(song.tracks.items[0].album.release_date.split(\"-\")[0]);\n\t\t\t\t\t\tpop = song.tracks.items[0].popularity;\n\t\t\t\t\t\tmin_pop = 80;\n\t\t\t\t\t\t\n\t\t\t\t\t\tmyUri = song.tracks.items[0].uri;\n\t\t\t\t\t\tshortUri = myUri.split(\":\")[2];\n\t\t\t\t\t\t\n\t\t\t\t\t\tQualtrics.SurveyEngine.setEmbeddedData( 'shortUri1', shortUri);\n\t\t\t\t\t\tQualtrics.SurveyEngine.setEmbeddedData( 'pop1', pop);\n\t\t\t\t\t\tQualtrics.SurveyEngine.setEmbeddedData( 'rel_date1',rel_date);\n\n\t\t\t\t\t\tjQuery.ajax({\n\t\t\t\t\t\t\turl:'https:\/\/api.spotify.com\/v1\/audio-features\/' + shortUri,\n\t\t\t\t\t\t\ttype: 'GET',\n\t\t\t\t\t\t\theaders: {\n\t\t\t\t\t\t\t\t'Authorization' : 'Bearer ' + accessToken\n\t\t\t\t\t\t\t},\n\t\t\t\t\t\t\tsuccess: function(song) {\n\t\t\t\t\t\t\t\t\n\t\t\t\t\t\t\t\tvalence = song.valence;\n\t\t\t\t\t\t\t\tarousal = song.energy;\n\t\t\t\t\t\t\t\n\t\t\t\t\t\t\t\tmin_ar = Math.max(arousal-.15,.01);\n\t\t\t\t\t\t\t\tmax_ar = Math.min(arousal+.15,.99);\n\t\t\t\t\t\t\t\tmin_val = Math.max(valence-.15,.01);\n\t\t\t\t\t\t\t\tmax_val = Math.min(arousal+.15,.99);\n\t\t\t\t\t\t\t\tQualtrics.SurveyEngine.setEmbeddedData( 'arousal1', arousal);\n\t\t\t\t\t\t\t\tQualtrics.SurveyEngine.setEmbeddedData( 'valence1', valence);\n\n\n\t\t\t\t\t\t\t\t\n\t\t\t\t\t\t\t},\n\t\t\t\t\t\t\tasync: false\n\t\t\t\t\t\t});\n\t\t\t\t\t\t\n\n\t\t\t\t\t\tjQuery.ajax({\n\t\t\t\t\t\t\t\t\turl:'https:\/\/api.spotify.com\/v1\/recommendations?limit=50&seed_tracks='+shortUri,\n\t\t\t\t\t\t\t\t\ttype: 'GET',\n\t\t\t\t\t\t\t\t\theaders: {\n\t\t\t\t\t\t\t\t\t\t'Authorization' : 'Bearer ' + accessToken\n\t\t\t\t\t\t\t\t\t},\n\t\t\t\t\t\t\t\t\tsuccess: function(song) {\n\t\t\t\t\t\t\t\t\t\t\n\t\t\t\t\t\t\t\t\t\trec_array = [];\n\t\t\t\t\t\t\t\t\t\tsong.tracks.forEach(function(element)\n\t\t\t\t\t\t\t\t\t\t{\n\t\t\t\t\t\t\t\t\t\t\ttemp_rel = element.album.release_date.split(\"-\")[0]\n\t\t\t\t\t\t\t\t\t\t\tif (Math.abs(temp_rel-rel_date)<5)\n\t\t\t\t\t\t\t\t\t\t\t{\n\t\t\t\t\t\t\t\t\t\t\t\trec_array.push(element.id)\n\t\t\t\t\t\t\t\t\t\t\t\n\t\t\t\t\t\t\t\t\t\t\t}\n\t\t\t\t\t\t\t\t\t\t});\n\t\t\t\t\t\t\t\t\t\t\n\t\t\t\t\t\t\t\t\t\t\n\t\t\t\t\t\t\t\t\t\t\n\t\t\t\t\t\t\t\t\t\t\n\t\t\t\t\t\t\t\t\t\tif ( rec_array.length > 9)\n\t\t\t\t\t\t\t\t\t\t{\n\t\t\t\t\t\t\t\t\t\t\trec_array2 = new Array(rec_array[0],rec_array[1],rec_array[2],rec_array[3]);\n\n\t\t\t\t\t\t\t\t\t\t\t\t\t\t\t\t\t\t\t\t\t\trec11 = 'https:\/\/open.spotify.com\/embed\/track\/'+rec_array[0];\n\t\t\t\t\t\t\t\t\t\t\trec12 = 'https:\/\/open.spotify.com\/embed\/track\/'+rec_array[1];\n\t\t\t\t\t\t\t\t\t\t\trec13 = 'https:\/\/open.spotify.com\/embed\/track\/'+rec_array[2];\n\t\t\t\t\t\t\t\t\t\t\trec14 = 'https:\/\/open.spotify.com\/embed\/track\/'+rec_array[3];\n\t\t\t\t\t\t\t\t\t\t\trec15 = 'https:\/\/open.spotify.com\/embed\/track\/'+rec_array[4];\n\t\t\t\t\t\t\t\t\t\t\trec16 = 'https:\/\/open.spotify.com\/embed\/track\/'+rec_array[5];\n\t\t\t\t\t\t\t\t\t\t\trec17 = 'https:\/\/open.spotify.com\/embed\/track\/'+rec_array[6];\n\t\t\t\t\t\t\t\t\t\t\trec18 = 'https:\/\/open.spotify.com\/embed\/track\/'+rec_array[7];\n\t\t\t\t\t\t\t\t\t\t\trec19 = 'https:\/\/open.spotify.com\/embed\/track\/'+rec_array[8];\n\t\t\t\t\t\t\t\t\t\t\trec10 = 'https:\/\/open.spotify.com\/embed\/track\/'+rec_array[9];\n\t\t\t\t\t\t\t\t\t\t\t\/\/alert('rec11 '+rec11);\n\t\t\t\t\t\t\t\t\t\t\tQualtrics.SurveyEngine.setEmbeddedData('rec11',rec11);\n\t\t\t\t\t\t\t\t\t\t\tQualtrics.SurveyEngine.setEmbeddedData('rec12',rec12);\n\t\t\t\t\t\t\t\t\t\t\tQualtrics.SurveyEngine.setEmbeddedData('rec13',rec13);\n\t\t\t\t\t\t\t\t\t\t\tQualtrics.SurveyEngine.setEmbeddedData('rec14',rec14);\n\t\t\t\t\t\t\t\t\t\t\tQualtrics.SurveyEngine.setEmbeddedData('rec15',rec15);\n\t\t\t\t\t\t\t\t\t\t\tQualtrics.SurveyEngine.setEmbeddedData('rec16',rec16);\n\t\t\t\t\t\t\t\t\t\t\tQualtrics.SurveyEngine.setEmbeddedData('rec17',rec17);\n\t\t\t\t\t\t\t\t\t\t\tQualtrics.SurveyEngine.setEmbeddedData('rec18',rec18);\n\t\t\t\t\t\t\t\t\t\t\tQualtrics.SurveyEngine.setEmbeddedData('rec19',rec19);\n\t\t\t\t\t\t\t\t\t\t\tQualtrics.SurveyEngine.setEmbeddedData('rec110',rec10);\n\t\t\t\t\t\t\t\t\t\t\t\n\t\t\t\t\t\t\t\t\t\t\tQualtrics.SurveyEngine.setEmbeddedData('recarray1',rec_array2);\n\t\t\t\t\t\t\t\t\t\t\tQualtrics.SurveyEngine.setEmbeddedData('shortUri1','https:\/\/open.spotify.com\/embed\/track\/'+shortUri);\n\n\t\t\t\t\t\t\t\t\t\t\tfound_dressing = true;\n\t\t\t\t\t\t\t\t\t\t\talert('You may proceed by clicking the red arrow if this artist and title is correct')\n\t\t\t\t\t\t\t\t\t\t\twindow.enableNextButton();\n\t\t\t\t\t\t\t\t\t\t\tfound = true;\n\t\t\t\t\t\t\t\t\t\t\t\n\t\t\t\t\t\t\t\t\t\t}\n\t\t\t\t\t\t\t\t\t\t\n\t\t\t\t\t\t\t\t\t\telse\n\t\t\t\t\t\t\t\t\t\t{\n\t\t\t\t\t\t\t\t\t\t\t\n\t\t\t\t\t\t\t\t\t\t\twindow.disableNextButton();\n\t\t\t\t\t\t\t\t\t\t\tfound = false;\n\t\t\t\t\t\t\t\t\t\t}\n\t\t\t\t\t\t\t\t\t\t\n\t\t\t\t\t\t\t\t\t\t\n\t\t\t\t\t\t\t\t\t\t\n\t\t\t\t\t\t\t\t\t\t\/\/Make the playlist!\n\n\n\n\n\t\t\t\t\t\t\t\t\t\trec11 = Qualtrics.SurveyEngine.getEmbeddedData('rec11');\n\n\t\t\t\t\t\t\t\t\t\t\n\t\t\t\t\t\t\t\t\t\t\/*\n\t\t\t\t\t\t\t\t\t\tObject names methods\n\t\t\t\t\t\t\t\t\t\talert(Object.getOwnPropertyNames(data)));\n\t\t\t\t\t\t\t\t\t\t*\/\n\n\n\n\n\n\n\n\t\t\t\t\t\t\t\t\t\t\/\/alert( 'Here!! pop2' );\n\t\t\t\t\t\t\t\t\t},\n\t\t\t\t\t\t\t\t\tasync: false\n\n\n\t\t\t\t\t\t\t\t});\n\t\t\t\t\t\t\n\t\t\t\t\t\t\/\/dressing\n\t\t\t\t\t\tjQuery.ajax({\n\t\t\t\t\t\t\t\t\turl:'https:\/\/api.spotify.com\/v1\/recommendations?limit=50&seed_tracks='+shortUri+'&min_energy='+min_ar+'&max_energy='+max_ar+'&min_popularity='+min_pop+'&min_valence='+min_val+'&max_valence='+max_val,\n\t\t\t\t\t\t\t\t\ttype: 'GET',\n\t\t\t\t\t\t\t\t\theaders: {\n\t\t\t\t\t\t\t\t\t\t'Authorization' : 'Bearer ' + accessToken\n\t\t\t\t\t\t\t\t\t},\n\t\t\t\t\t\t\t\t\tsuccess: function(song) {\n\t\t\t\t\t\t\t\t\t\n\t\t\t\t\t\t\t\t\t\t\n\t\t\t\t\t\t\t\t\t\trec_array = [];\n\t\t\t\t\t\t\t\t\t\t\n\t\t\t\t\t\t\t\t\t\tsong.tracks.forEach(function(element)\n\t\t\t\t\t\t\t\t\t\t{\n\t\t\t\t\t\t\t\t\t\t\ttemp_rel = element.album.release_date.split(\"-\")[0]\n\t\t\t\t\t\t\t\t\t\t\tif (Math.abs(temp_rel-rel_date)<5)\n\t\t\t\t\t\t\t\t\t\t\t{\n\t\t\t\t\t\t\t\t\t\t\t\trec_array.push(element.id)\n\t\t\t\t\t\t\t\t\t\t\t\t\n\t\t\t\t\t\t\t\t\t\t\t}\n\t\t\t\t\t\t\t\t\t\t});\n\t\t\t\t\t\t\t\t\t\t\n\t\t\t\t\t\t\t\t\t\t\n\t\t\t\t\t\t\t\t\t\t\n\t\t\t\t\t\t\t\t\n\t\t\t\t\t\t\t\t\t\tif (rec_array.length > 9)\n\t\t\t\t\t\t\t\t\t\t{\n\t\t\t\t\t\t\t\t\t\t\t\n\t\t\t\t\t\t\t\t\t\t\trec_array2 = new Array(rec_array[0],rec_array[1],rec_array[2],rec_array[3]);\n\n\t\t\t\t\t\t\t\t\t\t\t\t\t\t\t\t\t\t\t\t\t\trec11 = 'https:\/\/open.spotify.com\/embed\/track\/'+rec_array[0];\n\t\t\t\t\t\t\t\t\t\t\trec12 = 'https:\/\/open.spotify.com\/embed\/track\/'+rec_array[1];\n\t\t\t\t\t\t\t\t\t\t\trec13 = 'https:\/\/open.spotify.com\/embed\/track\/'+rec_array[2];\n\t\t\t\t\t\t\t\t\t\t\trec14 = 'https:\/\/open.spotify.com\/embed\/track\/'+rec_array[3];\n\t\t\t\t\t\t\t\t\t\t\trec15 = 'https:\/\/open.spotify.com\/embed\/track\/'+rec_array[4];\n\t\t\t\t\t\t\t\t\t\t\trec16 = 'https:\/\/open.spotify.com\/embed\/track\/'+rec_array[5];\n\t\t\t\t\t\t\t\t\t\t\trec17 = 'https:\/\/open.spotify.com\/embed\/track\/'+rec_array[6];\n\t\t\t\t\t\t\t\t\t\t\trec18 = 'https:\/\/open.spotify.com\/embed\/track\/'+rec_array[7];\n\t\t\t\t\t\t\t\t\t\t\trec19 = 'https:\/\/open.spotify.com\/embed\/track\/'+rec_array[8];\n\t\t\t\t\t\t\t\t\t\t\trec10 = 'https:\/\/open.spotify.com\/embed\/track\/'+rec_array[9];\n\t\t\t\t\t\t\t\t\t\t\t\n\t\t\t\t\t\t\t\t\t\t\tQualtrics.SurveyEngine.setEmbeddedData('rec11',rec11);\n\t\t\t\t\t\t\t\t\t\t\tQualtrics.SurveyEngine.setEmbeddedData('rec12',rec12);\n\t\t\t\t\t\t\t\t\t\t\tQualtrics.SurveyEngine.setEmbeddedData('rec13',rec13);\n\t\t\t\t\t\t\t\t\t\t\tQualtrics.SurveyEngine.setEmbeddedData('rec14',rec14);\n\t\t\t\t\t\t\t\t\t\t\tQualtrics.SurveyEngine.setEmbeddedData('rec15',rec15);\n\t\t\t\t\t\t\t\t\t\t\tQualtrics.SurveyEngine.setEmbeddedData('rec16',rec16);\n\t\t\t\t\t\t\t\t\t\t\tQualtrics.SurveyEngine.setEmbeddedData('rec17',rec17);\n\t\t\t\t\t\t\t\t\t\t\tQualtrics.SurveyEngine.setEmbeddedData('rec18',rec18);\n\t\t\t\t\t\t\t\t\t\t\tQualtrics.SurveyEngine.setEmbeddedData('rec19',rec19);\n\t\t\t\t\t\t\t\t\t\t\tQualtrics.SurveyEngine.setEmbeddedData('rec110',rec10);\n\t\t\t\t\t\t\t\t\t\t\t\n\t\t\t\t\t\t\t\t\t\t\t\n\t\t\t\t\t\t\t\t\t\t\tQualtrics.SurveyEngine.setEmbeddedData('recarray1',rec_array2);\n\t\t\t\t\t\t\t\t\t\t\tQualtrics.SurveyEngine.setEmbeddedData('shortUri1','https:\/\/open.spotify.com\/embed\/track\/'+shortUri);\n\t\t\t\t\t\t\t\t\t\t\tif(!(found_dressing))\n\t\t\t\t\t\t\t\t\t\t\t{\n\t\t\t\t\t\t\t\t\t\t\t\talert('You may proceed by clicking the red arrow if this artist and title is correct')\n\t\t\t\t\t\t\t\t\t\t\t}\n\t\t\t\t\t\t\t\t\t\t\t\n\t\t\t\t\t\t\t\t\t\t\twindow.enableNextButton();\n\t\t\t\t\t\t\t\t\t\t\tfound = true;\n\t\t\t\t\t\t\t\t\t\t\t\n\t\t\t\t\t\t\t\t\t\t}\n\t\t\t\t\t\t\t\t\t\t\n\t\t\t\t\t\t\t\t\t\telse\n\t\t\t\t\t\t\t\t\t\t{\n\t\t\t\t\t\t\t\t\t\t\tif(!(found))\n\t\t\t\t\t\t\t\t\t\t\t{\n\t\t\t\t\t\t\t\t\t\t\t\talert('We did not find enough information about this song to proceed. Please choose another song instead.');\n\t\t\t\t\t\t\t\t\t\t\t}\n\t\t\t\t\t\t\t\t\t\t}\n\t\t\t\t\t\t\t\t\t\t\n\t\t\t\t\t\t\t\t\t\t\n\t\t\t\t\t\t\t\t\t\t\n\t\t\t\t\t\t\t\t\t\t\/\/Make the playlist!\n\n\n\n\n\t\t\t\t\t\t\t\t\t\trec11 = Qualtrics.SurveyEngine.getEmbeddedData('rec11');\n\n\t\t\t\t\t\t\t\t\t\t\n\t\t\t\t\t\t\t\t\t},\n\t\t\t\t\t\t\t\t\tasync: false\n\n\n\t\t\t\t\t\t\t\t});\n\n\t\t\t\t\t},\n\t\t\t\t\terror: function(xhr, status, error){\n\t\t\t\t\t\talert(\"Error!\" + xhr.status);\n\t\t\t\t\t},\n\t\t\t\t\tasync: false,\n\t\t\t\t\tcomplete: function(){\n\t\t\t\t\t\t\n\t\t\t\t\t\t\tif(!found){\n\t\t\t\t\t\t\t\talert('We did not find a result with this input on Spotify.');\n\t\t\t\t\t\t\t\twindow.disableNextButton();\n\t\t\t\t\t\t\t}\t\n\n\t\t\t\t\t}\n\t\t\t\t});\n\n\t\t\t\tif(found)\n\t\t\t\t{\n\t\t\t\t\twindow.enableNextButton();\n\t\t\t\t}\n\t\t\t\tif(!found){\n\t\t\t\t\talert('We did not find the artist ' + artist + ' on Spotify.');\n\t\t\t\t}\n\n\n\n\n\n\t\t\t\t}\n\n\t\t}\n\t\n\n});\n\nQualtrics.SurveyEngine.addOnReady(function()\n{\n\t\n\n});\n\n\n\n\nQualtrics.SurveyEngine.addOnPageSubmit(function()\n{\n\n\t\n\t\n\n});","DefaultChoices":false,"DataExportTag":"Q167","QuestionID":"QID167","QuestionType":"TE","Selector":"SL","DataVisibility":{"Private":false,"Hidden":false},"Configuration":{"QuestionDescriptionOption":"UseText"},"QuestionDescription":"Put in ONE song and artist (separated by space) that makes you feel nostalgic, then click\u00a0\u00a0HERE\u00a0\u00a0...","Validation":{"Settings":{"ForceResponse":"OFF","ForceResponseType":"ON","Type":"None"}},"GradingData":[],"Language":[],"NextChoiceId":4,"NextAnswerId":1,"SearchSource":{"AllowFreeResponse":"false"}}},{"SurveyID":"SV_9SnS1kawzDopVRk","Element":"SQ","PrimaryAttribute":"QID459","SecondaryAttribute":"Timing","TertiaryAttribute":null,"Payload":{"QuestionText":"Timing","DefaultChoices":false,"QuestionType":"Timing","Selector":"PageTimer","Configuration":{"QuestionDescriptionOption":"UseText","MinSeconds":"0","MaxSeconds":"0"},"QuestionDescription":"Timing","Choices":{"1":{"Display":"First Click"},"2":{"Display":"Last Click"},"3":{"Display":"Page Submit"},"4":{"Display":"Click Count"}},"Validation":"None","GradingData":[],"Language":[],"NextChoiceId":16,"NextAnswerId":1,"QuestionText_Unsafe":"Timing","DataExportTag":"Q459","QuestionID":"QID459"}},{"SurveyID":"SV_9SnS1kawzDopVRk","Element":"SQ","PrimaryAttribute":"QID468","SecondaryAttribute":"Timing","TertiaryAttribute":null,"Payload":{"QuestionText":"Timing","DefaultChoices":false,"QuestionType":"Timing","Selector":"PageTimer","Configuration":{"QuestionDescriptionOption":"UseText","MinSeconds":"0","MaxSeconds":"0"},"QuestionDescription":"Timing","Choices":{"1":{"Display":"First Click"},"2":{"Display":"Last Click"},"3":{"Display":"Page Submit"},"4":{"Display":"Click Count"}},"Validation":"None","GradingData":[],"Language":[],"NextChoiceId":16,"NextAnswerId":1,"QuestionText_Unsafe":"Timing","DataExportTag":"Q468","QuestionID":"QID468"}},{"SurveyID":"SV_9SnS1kawzDopVRk","Element":"SQ","PrimaryAttribute":"QID465","SecondaryAttribute":"Timing","TertiaryAttribute":null,"Payload":{"QuestionText":"Timing","DefaultChoices":false,"QuestionType":"Timing","Selector":"PageTimer","Configuration":{"QuestionDescriptionOption":"UseText","MinSeconds":"0","MaxSeconds":"0"},"QuestionDescription":"Timing","Choices":{"1":{"Display":"First Click"},"2":{"Display":"Last Click"},"3":{"Display":"Page Submit"},"4":{"Display":"Click Count"}},"Validation":"None","GradingData":[],"Language":[],"NextChoiceId":16,"NextAnswerId":1,"QuestionText_Unsafe":"Timing","DataExportTag":"Q465","QuestionID":"QID465"}},{"SurveyID":"SV_9SnS1kawzDopVRk","Element":"SQ","PrimaryAttribute":"QID462","SecondaryAttribute":"Timing","TertiaryAttribute":null,"Payload":{"QuestionText":"Timing","DefaultChoices":false,"QuestionType":"Timing","Selector":"PageTimer","Configuration":{"QuestionDescriptionOption":"UseText","MinSeconds":"0","MaxSeconds":"0"},"QuestionDescription":"Timing","Choices":{"1":{"Display":"First Click"},"2":{"Display":"Last Click"},"3":{"Display":"Page Submit"},"4":{"Display":"Click Count"}},"Validation":"None","GradingData":[],"Language":[],"NextChoiceId":16,"NextAnswerId":1,"QuestionText_Unsafe":"Timing","DataExportTag":"Q462","QuestionID":"QID462"}},{"SurveyID":"SV_9SnS1kawzDopVRk","Element":"SQ","PrimaryAttribute":"QID149","SecondaryAttribute":"Timing","TertiaryAttribute":null,"Payload":{"QuestionText":"Timing","DefaultChoices":false,"DataExportTag":"Q149","QuestionID":"QID149","QuestionType":"Timing","Selector":"PageTimer","Configuration":{"QuestionDescriptionOption":"UseText","MinSeconds":"0","MaxSeconds":"0"},"QuestionDescription":"Timing","Choices":{"1":{"Display":"First Click"},"2":{"Display":"Last Click"},"3":{"Display":"Page Submit"},"4":{"Display":"Click Count"}},"Validation":"None","GradingData":[],"Language":[],"NextChoiceId":16,"NextAnswerId":1}},{"SurveyID":"SV_9SnS1kawzDopVRk","Element":"SQ","PrimaryAttribute":"QID150","SecondaryAttribute":"Timing","TertiaryAttribute":null,"Payload":{"QuestionText":"Timing","DefaultChoices":false,"DataExportTag":"Q150","QuestionID":"QID150","QuestionType":"Timing","Selector":"PageTimer","Configuration":{"QuestionDescriptionOption":"UseText","MinSeconds":"0","MaxSeconds":"0"},"QuestionDescription":"Timing","Choices":{"1":{"Display":"First Click"},"2":{"Display":"Last Click"},"3":{"Display":"Page Submit"},"4":{"Display":"Click Count"}},"Validation":"None","GradingData":[],"Language":[],"NextChoiceId":16,"NextAnswerId":1}},{"SurveyID":"SV_9SnS1kawzDopVRk","Element":"SQ","PrimaryAttribute":"QID456","SecondaryAttribute":"Timing","TertiaryAttribute":null,"Payload":{"QuestionText":"Timing","DefaultChoices":false,"QuestionType":"Timing","Selector":"PageTimer","Configuration":{"QuestionDescriptionOption":"UseText","MinSeconds":"0","MaxSeconds":"0"},"QuestionDescription":"Timing","Choices":{"1":{"Display":"First Click"},"2":{"Display":"Last Click"},"3":{"Display":"Page Submit"},"4":{"Display":"Click Count"}},"Validation":"None","GradingData":[],"Language":[],"NextChoiceId":16,"NextAnswerId":1,"QuestionText_Unsafe":"Timing","DataExportTag":"Q456","QuestionID":"QID456"}},{"SurveyID":"SV_9SnS1kawzDopVRk","Element":"SQ","PrimaryAttribute":"QID151","SecondaryAttribute":"Timing","TertiaryAttribute":null,"Payload":{"QuestionText":"Timing","DefaultChoices":false,"DataExportTag":"Q151","QuestionID":"QID151","QuestionType":"Timing","Selector":"PageTimer","Configuration":{"QuestionDescriptionOption":"UseText","MinSeconds":"0","MaxSeconds":"0"},"QuestionDescription":"Timing","Choices":{"1":{"Display":"First Click"},"2":{"Display":"Last Click"},"3":{"Display":"Page Submit"},"4":{"Display":"Click Count"}},"Validation":"None","GradingData":[],"Language":[],"NextChoiceId":16,"NextAnswerId":1}},{"SurveyID":"SV_9SnS1kawzDopVRk","Element":"SQ","PrimaryAttribute":"QID447","SecondaryAttribute":"Timing","TertiaryAttribute":null,"Payload":{"QuestionText":"Timing","DefaultChoices":false,"QuestionType":"Timing","Selector":"PageTimer","Configuration":{"QuestionDescriptionOption":"UseText","MinSeconds":"0","MaxSeconds":"0"},"QuestionDescription":"Timing","Choices":{"1":{"Display":"First Click"},"2":{"Display":"Last Click"},"3":{"Display":"Page Submit"},"4":{"Display":"Click Count"}},"Validation":"None","GradingData":[],"Language":[],"NextChoiceId":16,"NextAnswerId":1,"QuestionText_Unsafe":"Timing","DataExportTag":"Q447","QuestionID":"QID447"}},{"SurveyID":"SV_9SnS1kawzDopVRk","Element":"SQ","PrimaryAttribute":"QID215","SecondaryAttribute":"Timing","TertiaryAttribute":null,"Payload":{"QuestionText":"Timing","DefaultChoices":false,"QuestionType":"Timing","Selector":"PageTimer","Configuration":{"QuestionDescriptionOption":"UseText","MinSeconds":"0","MaxSeconds":"0"},"QuestionDescription":"Timing","Choices":{"1":{"Display":"First Click"},"2":{"Display":"Last Click"},"3":{"Display":"Page Submit"},"4":{"Display":"Click Count"}},"Validation":"None","GradingData":[],"Language":[],"NextChoiceId":16,"NextAnswerId":1,"QuestionText_Unsafe":"Timing","DataExportTag":"Q215","QuestionID":"QID215"}},{"SurveyID":"SV_9SnS1kawzDopVRk","Element":"SQ","PrimaryAttribute":"QID195","SecondaryAttribute":"You will now be asked to enter one song that make you feel nostalgic. Nostalgia is defined here a...","TertiaryAttribute":null,"Payload":{"QuestionText":"You will now be asked to enter one song that make you feel <b>nostalgic<\/b>. Nostalgia is defined here as <i>a&nbsp;sentimental longing for the past<\/i>. This should be a song that<b> brings you back<\/b> to a pleasant moment or era of your life and evokes a strong <b>memory<\/b>. You may look at your phone, computer, or streaming service to find the name and artists of songs that may make you feel nostalgic!&nbsp;","DefaultChoices":false,"DataExportTag":"Q195","QuestionID":"QID195","QuestionType":"DB","Selector":"TB","Configuration":{"QuestionDescriptionOption":"UseText"},"QuestionDescription":"You will now be asked to enter one song that make you feel nostalgic. Nostalgia is defined here a...","ChoiceOrder":[],"Validation":{"Settings":{"Type":"None"}},"GradingData":[],"Language":[],"NextChoiceId":4,"NextAnswerId":1,"DataVisibility":{"Private":false,"Hidden":false}}}]}
